
Microsoft Visual Studio Solution File, Format Version 12.00
# Visual Studio Version 17
VisualStudioVersion = 17.5.33516.290
MinimumVisualStudioVersion = 10.0.40219.1
Project("{9A19103F-16F7-4668-BE54-9A1E7A4F7556}") = "RealHouzing.EntityLayer", "RealHouzing.EntityLayer\RealHouzing.EntityLayer.csproj", "{688800C2-AA0E-4896-BEEA-5EDC1A003C9B}"
EndProject
Project("{9A19103F-16F7-4668-BE54-9A1E7A4F7556}") = "RealHouzing.DataAccessLayer", "RealHouzing.DataAccessLayer\RealHouzing.DataAccessLayer.csproj", "{1038D623-B822-49AA-A006-39ADC200EA81}"
EndProject
Project("{9A19103F-16F7-4668-BE54-9A1E7A4F7556}") = "RealHouzing.BusinessLayer", "RealHouzing.BusinessLayer\RealHouzing.BusinessLayer.csproj", "{AFE7DFB1-7C4F-4DC4-A9E3-6E7F901C1ADA}"
EndProject
Project("{9A19103F-16F7-4668-BE54-9A1E7A4F7556}") = "RealHouzing.DtoLayer", "RealHouzing.DtoLayer\RealHouzing.DtoLayer.csproj", "{8768BC7B-3B41-4CF7-9A95-A110FDE87951}"
EndProject
Project("{9A19103F-16F7-4668-BE54-9A1E7A4F7556}") = "RealHouzing.ApiLayer", "RealHouzing.ApiLayer\RealHouzing.ApiLayer.csproj", "{DE710352-E15D-4FF9-8058-D6E906D98B9C}"
EndProject
Project("{FAE04EC0-301F-11D3-BF4B-00C04F79EFBC}") = "RealHouzing.Consume", "RealHouzing.Consume\RealHouzing.Consume.csproj", "{3D478D88-DEE4-438D-B521-041244D4744E}"
EndProject
Global
	GlobalSection(SolutionConfigurationPlatforms) = preSolution
		Debug|Any CPU = Debug|Any CPU
		Release|Any CPU = Release|Any CPU
	EndGlobalSection
	GlobalSection(ProjectConfigurationPlatforms) = postSolution
		{688800C2-AA0E-4896-BEEA-5EDC1A003C9B}.Debug|Any CPU.ActiveCfg = Debug|Any CPU
		{688800C2-AA0E-4896-BEEA-5EDC1A003C9B}.Debug|Any CPU.Build.0 = Debug|Any CPU
		{688800C2-AA0E-4896-BEEA-5EDC1A003C9B}.Release|Any CPU.ActiveCfg = Release|Any CPU
		{688800C2-AA0E-4896-BEEA-5EDC1A003C9B}.Release|Any CPU.Build.0 = Release|Any CPU
		{1038D623-B822-49AA-A006-39ADC200EA81}.Debug|Any CPU.ActiveCfg = Debug|Any CPU
		{1038D623-B822-49AA-A006-39ADC200EA81}.Debug|Any CPU.Build.0 = Debug|Any CPU
		{1038D623-B822-49AA-A006-39ADC200EA81}.Release|Any CPU.ActiveCfg = Release|Any CPU
		{1038D623-B822-49AA-A006-39ADC200EA81}.Release|Any CPU.Build.0 = Release|Any CPU
		{AFE7DFB1-7C4F-4DC4-A9E3-6E7F901C1ADA}.Debug|Any CPU.ActiveCfg = Debug|Any CPU
		{AFE7DFB1-7C4F-4DC4-A9E3-6E7F901C1ADA}.Debug|Any CPU.Build.0 = Debug|Any CPU
		{AFE7DFB1-7C4F-4DC4-A9E3-6E7F901C1ADA}.Release|Any CPU.ActiveCfg = Release|Any CPU
		{AFE7DFB1-7C4F-4DC4-A9E3-6E7F901C1ADA}.Release|Any CPU.Build.0 = Release|Any CPU
		{8768BC7B-3B41-4CF7-9A95-A110FDE87951}.Debug|Any CPU.ActiveCfg = Debug|Any CPU
		{8768BC7B-3B41-4CF7-9A95-A110FDE87951}.Debug|Any CPU.Build.0 = Debug|Any CPU
		{8768BC7B-3B41-4CF7-9A95-A110FDE87951}.Release|Any CPU.ActiveCfg = Release|Any CPU
		{8768BC7B-3B41-4CF7-9A95-A110FDE87951}.Release|Any CPU.Build.0 = Release|Any CPU
		{DE710352-E15D-4FF9-8058-D6E906D98B9C}.Debug|Any CPU.ActiveCfg = Debug|Any CPU
		{DE710352-E15D-4FF9-8058-D6E906D98B9C}.Debug|Any CPU.Build.0 = Debug|Any CPU
		{DE710352-E15D-4FF9-8058-D6E906D98B9C}.Release|Any CPU.ActiveCfg = Release|Any CPU
		{DE710352-E15D-4FF9-8058-D6E906D98B9C}.Release|Any CPU.Build.0 = Release|Any CPU
		{3D478D88-DEE4-438D-B521-041244D4744E}.Debug|Any CPU.ActiveCfg = Debug|Any CPU
		{3D478D88-DEE4-438D-B521-041244D4744E}.Debug|Any CPU.Build.0 = Debug|Any CPU
		{3D478D88-DEE4-438D-B521-041244D4744E}.Release|Any CPU.ActiveCfg = Release|Any CPU
		{3D478D88-DEE4-438D-B521-041244D4744E}.Release|Any CPU.Build.0 = Release|Any CPU
	EndGlobalSection
	GlobalSection(SolutionProperties) = preSolution
		HideSolutionNode = FALSE
	EndGlobalSection
	GlobalSection(ExtensibilityGlobals) = postSolution
		SolutionGuid = {B9689725-38A9-488C-8C56-A5E984509F4B}
	EndGlobalSection
EndGlobal
